
Microsoft Visual Studio Solution File, Format Version 12.00
# Visual Studio Version 16
VisualStudioVersion = 16.0.31729.503
MinimumVisualStudioVersion = 10.0.40219.1
Project("{FAE04EC0-301F-11D3-BF4B-00C04F79EFBC}") = "FieldsCs", "FieldsCs\FieldsCs.csproj", "{AA475A95-835E-420F-9F04-5751C10FBAFF}"
EndProject
Global
	GlobalSection(SolutionConfigurationPlatforms) = preSolution
		Debug|Any CPU = Debug|Any CPU
		Release|Any CPU = Release|Any CPU
	EndGlobalSection
	GlobalSection(ProjectConfigurationPlatforms) = postSolution
		{AA475A95-835E-420F-9F04-5751C10FBAFF}.Debug|Any CPU.ActiveCfg = Debug|Any CPU
		{AA475A95-835E-420F-9F04-5751C10FBAFF}.Debug|Any CPU.Build.0 = Debug|Any CPU
		{AA475A95-835E-420F-9F04-5751C10FBAFF}.Release|Any CPU.ActiveCfg = Release|Any CPU
		{AA475A95-835E-420F-9F04-5751C10FBAFF}.Release|Any CPU.Build.0 = Release|Any CPU
	EndGlobalSection
	GlobalSection(SolutionProperties) = preSolution
		HideSolutionNode = FALSE
	EndGlobalSection
	GlobalSection(ExtensibilityGlobals) = postSolution
		SolutionGuid = {14ED3C55-8423-40F6-BFE0-637640316B39}
	EndGlobalSection
EndGlobal
